
Microsoft Visual Studio Solution File, Format Version 12.00
# Visual Studio Version 17
VisualStudioVersion = 17.1.32328.378
MinimumVisualStudioVersion = 10.0.40219.1
Project("{9A19103F-16F7-4668-BE54-9A1E7A4F7556}") = "Phoneshop.ConsoleApp", "Phoneshop.ConsoleApp\Phoneshop.ConsoleApp.csproj", "{F3700C2E-6B17-48D0-A5EB-DE3ABC3B9EFC}"
EndProject
Project("{9A19103F-16F7-4668-BE54-9A1E7A4F7556}") = "Phoneshop.Business", "Phoneshop.Business\Phoneshop.Business.csproj", "{529600B3-2D2C-43B1-A9B0-E239897BC22E}"
EndProject
Project("{2150E333-8FDC-42A3-9474-1A3956D46DE8}") = "Business", "Business", "{C43716A5-BCB5-4E69-A6B1-B6F8D30A7BA3}"
EndProject
Global
	GlobalSection(SolutionConfigurationPlatforms) = preSolution
		Debug|Any CPU = Debug|Any CPU
		Release|Any CPU = Release|Any CPU
	EndGlobalSection
	GlobalSection(ProjectConfigurationPlatforms) = postSolution
		{F3700C2E-6B17-48D0-A5EB-DE3ABC3B9EFC}.Debug|Any CPU.ActiveCfg = Debug|Any CPU
		{F3700C2E-6B17-48D0-A5EB-DE3ABC3B9EFC}.Debug|Any CPU.Build.0 = Debug|Any CPU
		{F3700C2E-6B17-48D0-A5EB-DE3ABC3B9EFC}.Release|Any CPU.ActiveCfg = Release|Any CPU
		{F3700C2E-6B17-48D0-A5EB-DE3ABC3B9EFC}.Release|Any CPU.Build.0 = Release|Any CPU
		{529600B3-2D2C-43B1-A9B0-E239897BC22E}.Debug|Any CPU.ActiveCfg = Debug|Any CPU
		{529600B3-2D2C-43B1-A9B0-E239897BC22E}.Debug|Any CPU.Build.0 = Debug|Any CPU
		{529600B3-2D2C-43B1-A9B0-E239897BC22E}.Release|Any CPU.ActiveCfg = Release|Any CPU
		{529600B3-2D2C-43B1-A9B0-E239897BC22E}.Release|Any CPU.Build.0 = Release|Any CPU
	EndGlobalSection
	GlobalSection(SolutionProperties) = preSolution
		HideSolutionNode = FALSE
	EndGlobalSection
	GlobalSection(NestedProjects) = preSolution
		{529600B3-2D2C-43B1-A9B0-E239897BC22E} = {C43716A5-BCB5-4E69-A6B1-B6F8D30A7BA3}
	EndGlobalSection
	GlobalSection(ExtensibilityGlobals) = postSolution
		SolutionGuid = {07430B42-7172-4CB9-9BE1-F0F69C874464}
	EndGlobalSection
EndGlobal
